
Microsoft Visual Studio Solution File, Format Version 12.00
# Visual Studio 15
VisualStudioVersion = 15.0.27130.2027
MinimumVisualStudioVersion = 10.0.40219.1
Project("{FAE04EC0-301F-11D3-BF4B-00C04F79EFBC}") = "VendingMachine", "VendingMachine\VendingMachine.csproj", "{AE3CA8F6-189E-415E-A54B-D927F74AFEF3}"
EndProject
Global
	GlobalSection(SolutionConfigurationPlatforms) = preSolution
		Debug|ARM = Debug|ARM
		Debug|x64 = Debug|x64
		Debug|x86 = Debug|x86
		Release|ARM = Release|ARM
		Release|x64 = Release|x64
		Release|x86 = Release|x86
	EndGlobalSection
	GlobalSection(ProjectConfigurationPlatforms) = postSolution
		{AE3CA8F6-189E-415E-A54B-D927F74AFEF3}.Debug|ARM.ActiveCfg = Debug|ARM
		{AE3CA8F6-189E-415E-A54B-D927F74AFEF3}.Debug|ARM.Build.0 = Debug|ARM
		{AE3CA8F6-189E-415E-A54B-D927F74AFEF3}.Debug|ARM.Deploy.0 = Debug|ARM
		{AE3CA8F6-189E-415E-A54B-D927F74AFEF3}.Debug|x64.ActiveCfg = Debug|x64
		{AE3CA8F6-189E-415E-A54B-D927F74AFEF3}.Debug|x64.Build.0 = Debug|x64
		{AE3CA8F6-189E-415E-A54B-D927F74AFEF3}.Debug|x64.Deploy.0 = Debug|x64
		{AE3CA8F6-189E-415E-A54B-D927F74AFEF3}.Debug|x86.ActiveCfg = Debug|x86
		{AE3CA8F6-189E-415E-A54B-D927F74AFEF3}.Debug|x86.Build.0 = Debug|x86
		{AE3CA8F6-189E-415E-A54B-D927F74AFEF3}.Debug|x86.Deploy.0 = Debug|x86
		{AE3CA8F6-189E-415E-A54B-D927F74AFEF3}.Release|ARM.ActiveCfg = Release|ARM
		{AE3CA8F6-189E-415E-A54B-D927F74AFEF3}.Release|ARM.Build.0 = Release|ARM
		{AE3CA8F6-189E-415E-A54B-D927F74AFEF3}.Release|ARM.Deploy.0 = Release|ARM
		{AE3CA8F6-189E-415E-A54B-D927F74AFEF3}.Release|x64.ActiveCfg = Release|x64
		{AE3CA8F6-189E-415E-A54B-D927F74AFEF3}.Release|x64.Build.0 = Release|x64
		{AE3CA8F6-189E-415E-A54B-D927F74AFEF3}.Release|x64.Deploy.0 = Release|x64
		{AE3CA8F6-189E-415E-A54B-D927F74AFEF3}.Release|x86.ActiveCfg = Release|x86
		{AE3CA8F6-189E-415E-A54B-D927F74AFEF3}.Release|x86.Build.0 = Release|x86
		{AE3CA8F6-189E-415E-A54B-D927F74AFEF3}.Release|x86.Deploy.0 = Release|x86
	EndGlobalSection
	GlobalSection(SolutionProperties) = preSolution
		HideSolutionNode = FALSE
	EndGlobalSection
	GlobalSection(ExtensibilityGlobals) = postSolution
		SolutionGuid = {D3BC1E09-F8A5-40CE-BC10-89024A3BC335}
	EndGlobalSection
EndGlobal
